# THIS IS AN AUTOGENERATED FILE. DO NOT EDIT THIS FILE DIRECTLY.
# yarn lockfile v1


"@lightningjs/renderer@^0.4.0":
  version "0.4.2"
  resolved "https://registry.yarnpkg.com/@lightningjs/renderer/-/renderer-0.4.2.tgz#c4980ef24dc9ed8c3a7fac547f80248c53a64f17"
  integrity sha512-V3umnL9Rf/m6l1BwSq5K+QHl1jvL3qquY1XOJsqcLU204cWXgJ7FthDogvgeWLtLqBuch3sUwKZ4PmjC5UxaEg==
  dependencies:
    "@lightningjs/threadx" "^0.3.4"
    "@protobufjs/eventemitter" "^1.1.0"

"@lightningjs/solid@^0.7.6":
  version "0.7.6"
  resolved "https://registry.yarnpkg.com/@lightningjs/solid/-/solid-0.7.6.tgz#014001691c6df616ffc201131a978e9c85954503"
  integrity sha512-DFbNACCaUqvAHICjyf/vGDRkSBCsIByU+N75q5UTQYv/WiwuOmLsxOLYkm/5wfa+3iiJ04iAEqByfzQiz1rxhQ==
  dependencies:
    "@lightningjs/renderer" "^0.4.0"
    "@lightningjs/solid" "file:../.cache/yarn/v6/npm-@lightningjs-solid-0.7.6-014001691c6df616ffc201131a978e9c85954503-integrity/node_modules/@lightningjs/solid"

"@lightningjs/solid@file:./":
  version "0.0.1"

"@lightningjs/threadx@^0.3.4":
  version "0.3.4"
  resolved "https://registry.yarnpkg.com/@lightningjs/threadx/-/threadx-0.3.4.tgz#c952e5022b38bef5b74835f5bc92984b3b3d4177"
  integrity sha512-x9ylADrRxSrIczcMHgkNYpmnvoPvWKuasxmEf3dnixazpYJCw9HLoWNOi2UsD0U4oEL/tMQZA0sZbO7VVGMTag==

"@protobufjs/eventemitter@^1.1.0":
  version "1.1.0"
  resolved "https://registry.yarnpkg.com/@protobufjs/eventemitter/-/eventemitter-1.1.0.tgz#355cbc98bafad5978f9ed095f397621f1d066b70"
  integrity sha512-j9ednRT81vYJ9OfVuXG6ERSTdEL1xVsNgqpkxMsbIabzSo3goCjDIveeGv5d03om39ML71RdmrGNjG5SReBP/Q==

csstype@^3.1.0:
  version "3.1.2"
  resolved "https://registry.yarnpkg.com/csstype/-/csstype-3.1.2.tgz#1d4bf9d572f11c14031f0436e1c10bc1f571f50b"
  integrity sha512-I7K1Uu0MBPzaFKg4nI5Q7Vs2t+3gWWW648spaF+Rg7pI9ds18Ugn+lvg4SHczUdKlHI5LWBXyqfS8+DufyBsgQ==

seroval@^0.12.0:
  version "0.12.3"
  resolved "https://registry.yarnpkg.com/seroval/-/seroval-0.12.3.tgz#6dac3dacd603f28a5e6d3c4c6cb685af7bf2e885"
  integrity sha512-5WDeMpv7rmEylsypRj1iwRVHE/QLsMLiZ+9savlNNQEVdgGia1iRMb7qyaAagY0wu/7+QTe6d2wldk/lgaLb6g==

solid-js@^1.8.5:
  version "1.8.5"
  resolved "https://registry.yarnpkg.com/solid-js/-/solid-js-1.8.5.tgz#60c68cb67feafa84c2c3f38dd2050adeef31cde1"
  integrity sha512-xvtJvzJzWbsn35oKFhW9kNwaxG1Z/YLMsDp4tLVcYZTMPzvzQ8vEZuyDQ6nt7xDArVgZJ7TUFrJUwrui/oq53A==
  dependencies:
    csstype "^3.1.0"
    seroval "^0.12.0"

tsc@^2.0.4:
  version "2.0.4"
  resolved "https://registry.yarnpkg.com/tsc/-/tsc-2.0.4.tgz#5f6499146abea5dca4420b451fa4f2f9345238f5"
  integrity sha512-fzoSieZI5KKJVBYGvwbVZs/J5za84f2lSTLPYf6AGiIf43tZ3GNrI1QzTLcjtyDDP4aLxd46RTZq1nQxe7+k5Q==

typescript@^5.2.2:
  version "5.2.2"
  resolved "https://registry.yarnpkg.com/typescript/-/typescript-5.2.2.tgz#5ebb5e5a5b75f085f22bc3f8460fba308310fa78"
  integrity sha512-mI4WrpHsbCIcwT9cF4FZvr80QUeKvsUsUvKDoR+X/7XHQH98xYD8YHZg7ANtz2GtZt/CBq2QJ0thkGJMHfqc1w==
